
Microsoft Visual Studio Solution File, Format Version 12.00
# Visual Studio Version 17
VisualStudioVersion = 17.11.35219.272
MinimumVisualStudioVersion = 10.0.40219.1
Project("{FAE04EC0-301F-11D3-BF4B-00C04F79EFBC}") = "Bibliotekhanterings system Inlamningsuppgift 3", "Bibliotekhanterings system Inlamningsuppgift 3.csproj", "{7854828A-31ED-48A8-9AB5-698F7A4788AA}"
EndProject
Global
	GlobalSection(SolutionConfigurationPlatforms) = preSolution
		Debug|Any CPU = Debug|Any CPU
		Release|Any CPU = Release|Any CPU
	EndGlobalSection
	GlobalSection(ProjectConfigurationPlatforms) = postSolution
		{7854828A-31ED-48A8-9AB5-698F7A4788AA}.Debug|Any CPU.ActiveCfg = Debug|Any CPU
		{7854828A-31ED-48A8-9AB5-698F7A4788AA}.Debug|Any CPU.Build.0 = Debug|Any CPU
		{7854828A-31ED-48A8-9AB5-698F7A4788AA}.Release|Any CPU.ActiveCfg = Release|Any CPU
		{7854828A-31ED-48A8-9AB5-698F7A4788AA}.Release|Any CPU.Build.0 = Release|Any CPU
	EndGlobalSection
	GlobalSection(SolutionProperties) = preSolution
		HideSolutionNode = FALSE
	EndGlobalSection
	GlobalSection(ExtensibilityGlobals) = postSolution
		SolutionGuid = {7495610E-82D8-434F-9E4F-6A526EC90300}
	EndGlobalSection
EndGlobal
